
Microsoft Visual Studio Solution File, Format Version 12.00
# Visual Studio Version 17
VisualStudioVersion = 17.2.32630.192
MinimumVisualStudioVersion = 10.0.40219.1
Project("{FAE04EC0-301F-11D3-BF4B-00C04F79EFBC}") = "PocWpfTaskLib", "PocWpfTaskLib.csproj", "{A75113F1-B301-4605-8860-60C4D6127E99}"
EndProject
Global
	GlobalSection(SolutionConfigurationPlatforms) = preSolution
		Debug|Any CPU = Debug|Any CPU
		Release|Any CPU = Release|Any CPU
	EndGlobalSection
	GlobalSection(ProjectConfigurationPlatforms) = postSolution
		{A75113F1-B301-4605-8860-60C4D6127E99}.Debug|Any CPU.ActiveCfg = Debug|Any CPU
		{A75113F1-B301-4605-8860-60C4D6127E99}.Debug|Any CPU.Build.0 = Debug|Any CPU
		{A75113F1-B301-4605-8860-60C4D6127E99}.Release|Any CPU.ActiveCfg = Release|Any CPU
		{A75113F1-B301-4605-8860-60C4D6127E99}.Release|Any CPU.Build.0 = Release|Any CPU
	EndGlobalSection
	GlobalSection(SolutionProperties) = preSolution
		HideSolutionNode = FALSE
	EndGlobalSection
	GlobalSection(ExtensibilityGlobals) = postSolution
		SolutionGuid = {746C217A-97FE-440C-B655-F3708C925A0D}
	EndGlobalSection
EndGlobal
